{
  "name": "test",
  "lockfileVersion": 2,
  "requires": true,
  "packages": {
    "": {
      "dependencies": {
        "array-pung": "^1.0.0"
      }
    },
    "node_modules/array-pung": {
      "version": "1.0.0",
      "resolved": "https://registry.npmjs.org/array-pung/-/array-pung-1.0.0.tgz",
      "integrity": "sha512-JGolBMFbbhii75UL6cvj/H3sCtPEKdpbFKayehRv2eCj+aQoDP1Lh1sG/Ff+uTqNskwKgGOvpOnFQqWrqCgEuQ=="
    }
  },
  "dependencies": {
    "array-pung": {
      "version": "1.0.0",
      "resolved": "https://registry.npmjs.org/array-pung/-/array-pung-1.0.0.tgz",
      "integrity": "sha512-JGolBMFbbhii75UL6cvj/H3sCtPEKdpbFKayehRv2eCj+aQoDP1Lh1sG/Ff+uTqNskwKgGOvpOnFQqWrqCgEuQ=="
    }
  }
}
